// !$*UTF8*$!
{
	archiveVersion = 1;
	classes = {
	};
	objectVersion = 50;
	objects = {

/* Begin PBXBuildFile section */
		BC4BADA3258BD29400CF9FEC /* XCTestCase+MemoryLeakTrackingHelper.swift in Sources */ = {isa = PBXBuildFile; fileRef = BC4BADA2258BD29400CF9FEC /* XCTestCase+MemoryLeakTrackingHelper.swift */; };
		BC4BADA9258C0CB500CF9FEC /* URLSessionHTTPClient.swift in Sources */ = {isa = PBXBuildFile; fileRef = BC4BADA8258C0CB500CF9FEC /* URLSessionHTTPClient.swift */; };
		BC4E4653258A2BE60051D55E /* URLSessionHTTPClientTests.swift in Sources */ = {isa = PBXBuildFile; fileRef = BC4E4652258A2BE60051D55E /* URLSessionHTTPClientTests.swift */; };
		BC57BE8925881A78008A1090 /* HTTPClient.swift in Sources */ = {isa = PBXBuildFile; fileRef = BC57BE8825881A78008A1090 /* HTTPClient.swift */; };
		BC57BE8D25881ADC008A1090 /* ExerciseItemMapper.swift in Sources */ = {isa = PBXBuildFile; fileRef = BC57BE8C25881ADC008A1090 /* ExerciseItemMapper.swift */; };
		BC5AE1A72570443200C55EEB /* RemoteExerciseLoader.swift in Sources */ = {isa = PBXBuildFile; fileRef = BC5AE1A62570443200C55EEB /* RemoteExerciseLoader.swift */; };
		BC5BCC40256CFD8500078236 /* Home_Active_Man.framework in Frameworks */ = {isa = PBXBuildFile; fileRef = BC5BCC36256CFD8500078236 /* Home_Active_Man.framework */; };
		BC5BCC45256CFD8500078236 /* RemoteExerciseLoaderTests.swift in Sources */ = {isa = PBXBuildFile; fileRef = BC5BCC44256CFD8500078236 /* RemoteExerciseLoaderTests.swift */; };
		BC5BCC53256D02DB00078236 /* ExerciseItem.swift in Sources */ = {isa = PBXBuildFile; fileRef = BC5BCC52256D02DB00078236 /* ExerciseItem.swift */; };
		BC6C716B256D37EA00720AC9 /* ExerciseLoader.swift in Sources */ = {isa = PBXBuildFile; fileRef = BC6C716A256D37EA00720AC9 /* ExerciseLoader.swift */; };
/* End PBXBuildFile section */

/* Begin PBXContainerItemProxy section */
		BC5BCC41256CFD8500078236 /* PBXContainerItemProxy */ = {
			isa = PBXContainerItemProxy;
			containerPortal = BC5BCC2D256CFD8500078236 /* Project object */;
			proxyType = 1;
			remoteGlobalIDString = BC5BCC35256CFD8500078236;
			remoteInfo = "Home Active Man";
		};
/* End PBXContainerItemProxy section */

/* Begin PBXFileReference section */
		BC4BADA2258BD29400CF9FEC /* XCTestCase+MemoryLeakTrackingHelper.swift */ = {isa = PBXFileReference; lastKnownFileType = sourcecode.swift; path = "XCTestCase+MemoryLeakTrackingHelper.swift"; sourceTree = "<group>"; };
		BC4BADA8258C0CB500CF9FEC /* URLSessionHTTPClient.swift */ = {isa = PBXFileReference; lastKnownFileType = sourcecode.swift; path = URLSessionHTTPClient.swift; sourceTree = "<group>"; };
		BC4E4652258A2BE60051D55E /* URLSessionHTTPClientTests.swift */ = {isa = PBXFileReference; lastKnownFileType = sourcecode.swift; path = URLSessionHTTPClientTests.swift; sourceTree = "<group>"; };
		BC57BE8825881A78008A1090 /* HTTPClient.swift */ = {isa = PBXFileReference; lastKnownFileType = sourcecode.swift; path = HTTPClient.swift; sourceTree = "<group>"; };
		BC57BE8C25881ADC008A1090 /* ExerciseItemMapper.swift */ = {isa = PBXFileReference; lastKnownFileType = sourcecode.swift; path = ExerciseItemMapper.swift; sourceTree = "<group>"; };
		BC5AE1A62570443200C55EEB /* RemoteExerciseLoader.swift */ = {isa = PBXFileReference; lastKnownFileType = sourcecode.swift; path = RemoteExerciseLoader.swift; sourceTree = "<group>"; };
		BC5BCC36256CFD8500078236 /* Home_Active_Man.framework */ = {isa = PBXFileReference; explicitFileType = wrapper.framework; includeInIndex = 0; path = Home_Active_Man.framework; sourceTree = BUILT_PRODUCTS_DIR; };
		BC5BCC3A256CFD8500078236 /* Info.plist */ = {isa = PBXFileReference; lastKnownFileType = text.plist.xml; path = Info.plist; sourceTree = "<group>"; };
		BC5BCC3F256CFD8500078236 /* Home Active ManTests.xctest */ = {isa = PBXFileReference; explicitFileType = wrapper.cfbundle; includeInIndex = 0; path = "Home Active ManTests.xctest"; sourceTree = BUILT_PRODUCTS_DIR; };
		BC5BCC44256CFD8500078236 /* RemoteExerciseLoaderTests.swift */ = {isa = PBXFileReference; lastKnownFileType = sourcecode.swift; path = RemoteExerciseLoaderTests.swift; sourceTree = "<group>"; };
		BC5BCC46256CFD8500078236 /* Info.plist */ = {isa = PBXFileReference; lastKnownFileType = text.plist.xml; path = Info.plist; sourceTree = "<group>"; };
		BC5BCC52256D02DB00078236 /* ExerciseItem.swift */ = {isa = PBXFileReference; lastKnownFileType = sourcecode.swift; path = ExerciseItem.swift; sourceTree = "<group>"; };
		BC6C716A256D37EA00720AC9 /* ExerciseLoader.swift */ = {isa = PBXFileReference; lastKnownFileType = sourcecode.swift; path = ExerciseLoader.swift; sourceTree = "<group>"; };
/* End PBXFileReference section */

/* Begin PBXFrameworksBuildPhase section */
		BC5BCC33256CFD8500078236 /* Frameworks */ = {
			isa = PBXFrameworksBuildPhase;
			buildActionMask = 2147483647;
			files = (
			);
			runOnlyForDeploymentPostprocessing = 0;
		};
		BC5BCC3C256CFD8500078236 /* Frameworks */ = {
			isa = PBXFrameworksBuildPhase;
			buildActionMask = 2147483647;
			files = (
				BC5BCC40256CFD8500078236 /* Home_Active_Man.framework in Frameworks */,
			);
			runOnlyForDeploymentPostprocessing = 0;
		};
/* End PBXFrameworksBuildPhase section */

/* Begin PBXGroup section */
		BC4BADA1258BD25300CF9FEC /* Helpers */ = {
			isa = PBXGroup;
			children = (
				BC4BADA2258BD29400CF9FEC /* XCTestCase+MemoryLeakTrackingHelper.swift */,
			);
			path = Helpers;
			sourceTree = "<group>";
		};
		BC522AE9256E6AE800A5279A /* Exercise Feature */ = {
			isa = PBXGroup;
			children = (
				BC5BCC52256D02DB00078236 /* ExerciseItem.swift */,
				BC6C716A256D37EA00720AC9 /* ExerciseLoader.swift */,
			);
			path = "Exercise Feature";
			sourceTree = "<group>";
		};
		BC57BE9025882DC6008A1090 /* Exercise API  */ = {
			isa = PBXGroup;
			children = (
				BC4BADA1258BD25300CF9FEC /* Helpers */,
				BC5BCC44256CFD8500078236 /* RemoteExerciseLoaderTests.swift */,
				BC4E4652258A2BE60051D55E /* URLSessionHTTPClientTests.swift */,
			);
			path = "Exercise API ";
			sourceTree = "<group>";
		};
		BC5AE1A52570441100C55EEB /* Exercise API */ = {
			isa = PBXGroup;
			children = (
				BC5AE1A62570443200C55EEB /* RemoteExerciseLoader.swift */,
				BC57BE8825881A78008A1090 /* HTTPClient.swift */,
				BC57BE8C25881ADC008A1090 /* ExerciseItemMapper.swift */,
				BC4BADA8258C0CB500CF9FEC /* URLSessionHTTPClient.swift */,
			);
			path = "Exercise API";
			sourceTree = "<group>";
		};
		BC5BCC2C256CFD8500078236 = {
			isa = PBXGroup;
			children = (
				BC5BCC38256CFD8500078236 /* Home Active Man */,
				BC5BCC43256CFD8500078236 /* Home Active ManTests */,
				BC5BCC37256CFD8500078236 /* Products */,
			);
			sourceTree = "<group>";
		};
		BC5BCC37256CFD8500078236 /* Products */ = {
			isa = PBXGroup;
			children = (
				BC5BCC36256CFD8500078236 /* Home_Active_Man.framework */,
				BC5BCC3F256CFD8500078236 /* Home Active ManTests.xctest */,
			);
			name = Products;
			sourceTree = "<group>";
		};
		BC5BCC38256CFD8500078236 /* Home Active Man */ = {
			isa = PBXGroup;
			children = (
				BC5BCC3A256CFD8500078236 /* Info.plist */,
				BC522AE9256E6AE800A5279A /* Exercise Feature */,
				BC5AE1A52570441100C55EEB /* Exercise API */,
			);
			path = "Home Active Man";
			sourceTree = "<group>";
		};
		BC5BCC43256CFD8500078236 /* Home Active ManTests */ = {
			isa = PBXGroup;
			children = (
				BC57BE9025882DC6008A1090 /* Exercise API  */,
				BC5BCC46256CFD8500078236 /* Info.plist */,
			);
			path = "Home Active ManTests";
			sourceTree = "<group>";
		};
/* End PBXGroup section */

/* Begin PBXHeadersBuildPhase section */
		BC5BCC31256CFD8500078236 /* Headers */ = {
			isa = PBXHeadersBuildPhase;
			buildActionMask = 2147483647;
			files = (
			);
			runOnlyForDeploymentPostprocessing = 0;
		};
/* End PBXHeadersBuildPhase section */

/* Begin PBXNativeTarget section */
		BC5BCC35256CFD8500078236 /* Home Active Man */ = {
			isa = PBXNativeTarget;
			buildConfigurationList = BC5BCC4A256CFD8500078236 /* Build configuration list for PBXNativeTarget "Home Active Man" */;
			buildPhases = (
				BC5BCC31256CFD8500078236 /* Headers */,
				BC5BCC32256CFD8500078236 /* Sources */,
				BC5BCC33256CFD8500078236 /* Frameworks */,
				BC5BCC34256CFD8500078236 /* Resources */,
			);
			buildRules = (
			);
			dependencies = (
			);
			name = "Home Active Man";
			productName = "Home Active Man";
			productReference = BC5BCC36256CFD8500078236 /* Home_Active_Man.framework */;
			productType = "com.apple.product-type.framework";
		};
		BC5BCC3E256CFD8500078236 /* Home Active ManTests */ = {
			isa = PBXNativeTarget;
			buildConfigurationList = BC5BCC4D256CFD8500078236 /* Build configuration list for PBXNativeTarget "Home Active ManTests" */;
			buildPhases = (
				BC5BCC3B256CFD8500078236 /* Sources */,
				BC5BCC3C256CFD8500078236 /* Frameworks */,
				BC5BCC3D256CFD8500078236 /* Resources */,
			);
			buildRules = (
			);
			dependencies = (
				BC5BCC42256CFD8500078236 /* PBXTargetDependency */,
			);
			name = "Home Active ManTests";
			productName = "Home Active ManTests";
			productReference = BC5BCC3F256CFD8500078236 /* Home Active ManTests.xctest */;
			productType = "com.apple.product-type.bundle.unit-test";
		};
/* End PBXNativeTarget section */

/* Begin PBXProject section */
		BC5BCC2D256CFD8500078236 /* Project object */ = {
			isa = PBXProject;
			attributes = {
				LastSwiftUpdateCheck = 1220;
				LastUpgradeCheck = 1220;
				TargetAttributes = {
					BC5BCC35256CFD8500078236 = {
						CreatedOnToolsVersion = 12.2;
						LastSwiftMigration = 1220;
					};
					BC5BCC3E256CFD8500078236 = {
						CreatedOnToolsVersion = 12.2;
					};
				};
			};
			buildConfigurationList = BC5BCC30256CFD8500078236 /* Build configuration list for PBXProject "Home Active Man" */;
			compatibilityVersion = "Xcode 9.3";
			developmentRegion = en;
			hasScannedForEncodings = 0;
			knownRegions = (
				en,
				Base,
			);
			mainGroup = BC5BCC2C256CFD8500078236;
			productRefGroup = BC5BCC37256CFD8500078236 /* Products */;
			projectDirPath = "";
			projectRoot = "";
			targets = (
				BC5BCC35256CFD8500078236 /* Home Active Man */,
				BC5BCC3E256CFD8500078236 /* Home Active ManTests */,
			);
		};
/* End PBXProject section */

/* Begin PBXResourcesBuildPhase section */
		BC5BCC34256CFD8500078236 /* Resources */ = {
			isa = PBXResourcesBuildPhase;
			buildActionMask = 2147483647;
			files = (
			);
			runOnlyForDeploymentPostprocessing = 0;
		};
		BC5BCC3D256CFD8500078236 /* Resources */ = {
			isa = PBXResourcesBuildPhase;
			buildActionMask = 2147483647;
			files = (
			);
			runOnlyForDeploymentPostprocessing = 0;
		};
/* End PBXResourcesBuildPhase section */

/* Begin PBXSourcesBuildPhase section */
		BC5BCC32256CFD8500078236 /* Sources */ = {
			isa = PBXSourcesBuildPhase;
			buildActionMask = 2147483647;
			files = (
				BC6C716B256D37EA00720AC9 /* ExerciseLoader.swift in Sources */,
				BC5BCC53256D02DB00078236 /* ExerciseItem.swift in Sources */,
				BC57BE8925881A78008A1090 /* HTTPClient.swift in Sources */,
				BC57BE8D25881ADC008A1090 /* ExerciseItemMapper.swift in Sources */,
				BC5AE1A72570443200C55EEB /* RemoteExerciseLoader.swift in Sources */,
				BC4BADA9258C0CB500CF9FEC /* URLSessionHTTPClient.swift in Sources */,
			);
			runOnlyForDeploymentPostprocessing = 0;
		};
		BC5BCC3B256CFD8500078236 /* Sources */ = {
			isa = PBXSourcesBuildPhase;
			buildActionMask = 2147483647;
			files = (
				BC5BCC45256CFD8500078236 /* RemoteExerciseLoaderTests.swift in Sources */,
				BC4BADA3258BD29400CF9FEC /* XCTestCase+MemoryLeakTrackingHelper.swift in Sources */,
				BC4E4653258A2BE60051D55E /* URLSessionHTTPClientTests.swift in Sources */,
			);
			runOnlyForDeploymentPostprocessing = 0;
		};
/* End PBXSourcesBuildPhase section */

/* Begin PBXTargetDependency section */
		BC5BCC42256CFD8500078236 /* PBXTargetDependency */ = {
			isa = PBXTargetDependency;
			target = BC5BCC35256CFD8500078236 /* Home Active Man */;
			targetProxy = BC5BCC41256CFD8500078236 /* PBXContainerItemProxy */;
		};
/* End PBXTargetDependency section */

/* Begin XCBuildConfiguration section */
		BC5BCC48256CFD8500078236 /* Debug */ = {
			isa = XCBuildConfiguration;
			buildSettings = {
				ALWAYS_SEARCH_USER_PATHS = NO;
				CLANG_ANALYZER_NONNULL = YES;
				CLANG_ANALYZER_NUMBER_OBJECT_CONVERSION = YES_AGGRESSIVE;
				CLANG_CXX_LANGUAGE_STANDARD = "gnu++14";
				CLANG_CXX_LIBRARY = "libc++";
				CLANG_ENABLE_MODULES = YES;
				CLANG_ENABLE_OBJC_ARC = YES;
				CLANG_ENABLE_OBJC_WEAK = YES;
				CLANG_WARN_BLOCK_CAPTURE_AUTORELEASING = YES;
				CLANG_WARN_BOOL_CONVERSION = YES;
				CLANG_WARN_COMMA = YES;
				CLANG_WARN_CONSTANT_CONVERSION = YES;
				CLANG_WARN_DEPRECATED_OBJC_IMPLEMENTATIONS = YES;
				CLANG_WARN_DIRECT_OBJC_ISA_USAGE = YES_ERROR;
				CLANG_WARN_DOCUMENTATION_COMMENTS = YES;
				CLANG_WARN_EMPTY_BODY = YES;
				CLANG_WARN_ENUM_CONVERSION = YES;
				CLANG_WARN_INFINITE_RECURSION = YES;
				CLANG_WARN_INT_CONVERSION = YES;
				CLANG_WARN_NON_LITERAL_NULL_CONVERSION = YES;
				CLANG_WARN_OBJC_IMPLICIT_RETAIN_SELF = YES;
				CLANG_WARN_OBJC_LITERAL_CONVERSION = YES;
				CLANG_WARN_OBJC_ROOT_CLASS = YES_ERROR;
				CLANG_WARN_QUOTED_INCLUDE_IN_FRAMEWORK_HEADER = YES;
				CLANG_WARN_RANGE_LOOP_ANALYSIS = YES;
				CLANG_WARN_STRICT_PROTOTYPES = YES;
				CLANG_WARN_SUSPICIOUS_MOVE = YES;
				CLANG_WARN_UNGUARDED_AVAILABILITY = YES_AGGRESSIVE;
				CLANG_WARN_UNREACHABLE_CODE = YES;
				CLANG_WARN__DUPLICATE_METHOD_MATCH = YES;
				COPY_PHASE_STRIP = NO;
				CURRENT_PROJECT_VERSION = 1;
				DEBUG_INFORMATION_FORMAT = dwarf;
				ENABLE_STRICT_OBJC_MSGSEND = YES;
				ENABLE_TESTABILITY = YES;
				GCC_C_LANGUAGE_STANDARD = gnu11;
				GCC_DYNAMIC_NO_PIC = NO;
				GCC_NO_COMMON_BLOCKS = YES;
				GCC_OPTIMIZATION_LEVEL = 0;
				GCC_PREPROCESSOR_DEFINITIONS = (
					"DEBUG=1",
					"$(inherited)",
				);
				GCC_WARN_64_TO_32_BIT_CONVERSION = YES;
				GCC_WARN_ABOUT_RETURN_TYPE = YES_ERROR;
				GCC_WARN_UNDECLARED_SELECTOR = YES;
				GCC_WARN_UNINITIALIZED_AUTOS = YES_AGGRESSIVE;
				GCC_WARN_UNUSED_FUNCTION = YES;
				GCC_WARN_UNUSED_VARIABLE = YES;
				MACOSX_DEPLOYMENT_TARGET = 10.15;
				MTL_ENABLE_DEBUG_INFO = INCLUDE_SOURCE;
				MTL_FAST_MATH = YES;
				ONLY_ACTIVE_ARCH = YES;
				SDKROOT = macosx;
				SWIFT_ACTIVE_COMPILATION_CONDITIONS = DEBUG;
				SWIFT_OPTIMIZATION_LEVEL = "-Onone";
				VERSIONING_SYSTEM = "apple-generic";
				VERSION_INFO_PREFIX = "";
			};
			name = Debug;
		};
		BC5BCC49256CFD8500078236 /* Release */ = {
			isa = XCBuildConfiguration;
			buildSettings = {
				ALWAYS_SEARCH_USER_PATHS = NO;
				CLANG_ANALYZER_NONNULL = YES;
				CLANG_ANALYZER_NUMBER_OBJECT_CONVERSION = YES_AGGRESSIVE;
				CLANG_CXX_LANGUAGE_STANDARD = "gnu++14";
				CLANG_CXX_LIBRARY = "libc++";
				CLANG_ENABLE_MODULES = YES;
				CLANG_ENABLE_OBJC_ARC = YES;
				CLANG_ENABLE_OBJC_WEAK = YES;
				CLANG_WARN_BLOCK_CAPTURE_AUTORELEASING = YES;
				CLANG_WARN_BOOL_CONVERSION = YES;
				CLANG_WARN_COMMA = YES;
				CLANG_WARN_CONSTANT_CONVERSION = YES;
				CLANG_WARN_DEPRECATED_OBJC_IMPLEMENTATIONS = YES;
				CLANG_WARN_DIRECT_OBJC_ISA_USAGE = YES_ERROR;
				CLANG_WARN_DOCUMENTATION_COMMENTS = YES;
				CLANG_WARN_EMPTY_BODY = YES;
				CLANG_WARN_ENUM_CONVERSION = YES;
				CLANG_WARN_INFINITE_RECURSION = YES;
				CLANG_WARN_INT_CONVERSION = YES;
				CLANG_WARN_NON_LITERAL_NULL_CONVERSION = YES;
				CLANG_WARN_OBJC_IMPLICIT_RETAIN_SELF = YES;
				CLANG_WARN_OBJC_LITERAL_CONVERSION = YES;
				CLANG_WARN_OBJC_ROOT_CLASS = YES_ERROR;
				CLANG_WARN_QUOTED_INCLUDE_IN_FRAMEWORK_HEADER = YES;
				CLANG_WARN_RANGE_LOOP_ANALYSIS = YES;
				CLANG_WARN_STRICT_PROTOTYPES = YES;
				CLANG_WARN_SUSPICIOUS_MOVE = YES;
				CLANG_WARN_UNGUARDED_AVAILABILITY = YES_AGGRESSIVE;
				CLANG_WARN_UNREACHABLE_CODE = YES;
				CLANG_WARN__DUPLICATE_METHOD_MATCH = YES;
				COPY_PHASE_STRIP = NO;
				CURRENT_PROJECT_VERSION = 1;
				DEBUG_INFORMATION_FORMAT = "dwarf-with-dsym";
				ENABLE_NS_ASSERTIONS = NO;
				ENABLE_STRICT_OBJC_MSGSEND = YES;
				GCC_C_LANGUAGE_STANDARD = gnu11;
				GCC_NO_COMMON_BLOCKS = YES;
				GCC_WARN_64_TO_32_BIT_CONVERSION = YES;
				GCC_WARN_ABOUT_RETURN_TYPE = YES_ERROR;
				GCC_WARN_UNDECLARED_SELECTOR = YES;
				GCC_WARN_UNINITIALIZED_AUTOS = YES_AGGRESSIVE;
				GCC_WARN_UNUSED_FUNCTION = YES;
				GCC_WARN_UNUSED_VARIABLE = YES;
				MACOSX_DEPLOYMENT_TARGET = 10.15;
				MTL_ENABLE_DEBUG_INFO = NO;
				MTL_FAST_MATH = YES;
				SDKROOT = macosx;
				SWIFT_COMPILATION_MODE = wholemodule;
				SWIFT_OPTIMIZATION_LEVEL = "-O";
				VERSIONING_SYSTEM = "apple-generic";
				VERSION_INFO_PREFIX = "";
			};
			name = Release;
		};
		BC5BCC4B256CFD8500078236 /* Debug */ = {
			isa = XCBuildConfiguration;
			buildSettings = {
				CLANG_ENABLE_MODULES = YES;
				CODE_SIGN_STYLE = Automatic;
				COMBINE_HIDPI_IMAGES = YES;
				DEFINES_MODULE = YES;
				DEVELOPMENT_TEAM = 9DVLTW4HGK;
				DYLIB_COMPATIBILITY_VERSION = 1;
				DYLIB_CURRENT_VERSION = 1;
				DYLIB_INSTALL_NAME_BASE = "@rpath";
				INFOPLIST_FILE = "Home Active Man/Info.plist";
				INSTALL_PATH = "$(LOCAL_LIBRARY_DIR)/Frameworks";
				LD_RUNPATH_SEARCH_PATHS = (
					"$(inherited)",
					"@executable_path/../Frameworks",
					"@loader_path/Frameworks",
				);
				PRODUCT_BUNDLE_IDENTIFIER = "com.JosefSantamaria.Home-Active-Man";
				PRODUCT_NAME = "$(TARGET_NAME:c99extidentifier)";
				SKIP_INSTALL = YES;
				SWIFT_OPTIMIZATION_LEVEL = "-Onone";
				SWIFT_VERSION = 5.0;
			};
			name = Debug;
		};
		BC5BCC4C256CFD8500078236 /* Release */ = {
			isa = XCBuildConfiguration;
			buildSettings = {
				CLANG_ENABLE_MODULES = YES;
				CODE_SIGN_STYLE = Automatic;
				COMBINE_HIDPI_IMAGES = YES;
				DEFINES_MODULE = YES;
				DEVELOPMENT_TEAM = 9DVLTW4HGK;
				DYLIB_COMPATIBILITY_VERSION = 1;
				DYLIB_CURRENT_VERSION = 1;
				DYLIB_INSTALL_NAME_BASE = "@rpath";
				INFOPLIST_FILE = "Home Active Man/Info.plist";
				INSTALL_PATH = "$(LOCAL_LIBRARY_DIR)/Frameworks";
				LD_RUNPATH_SEARCH_PATHS = (
					"$(inherited)",
					"@executable_path/../Frameworks",
					"@loader_path/Frameworks",
				);
				PRODUCT_BUNDLE_IDENTIFIER = "com.JosefSantamaria.Home-Active-Man";
				PRODUCT_NAME = "$(TARGET_NAME:c99extidentifier)";
				SKIP_INSTALL = YES;
				SWIFT_VERSION = 5.0;
			};
			name = Release;
		};
		BC5BCC4E256CFD8500078236 /* Debug */ = {
			isa = XCBuildConfiguration;
			buildSettings = {
				ALWAYS_EMBED_SWIFT_STANDARD_LIBRARIES = YES;
				CODE_SIGN_STYLE = Automatic;
				COMBINE_HIDPI_IMAGES = YES;
				DEVELOPMENT_TEAM = 9DVLTW4HGK;
				INFOPLIST_FILE = "Home Active ManTests/Info.plist";
				LD_RUNPATH_SEARCH_PATHS = (
					"$(inherited)",
					"@executable_path/../Frameworks",
					"@loader_path/../Frameworks",
				);
				PRODUCT_BUNDLE_IDENTIFIER = "com.JosefSantamaria.Home-Active-ManTests";
				PRODUCT_NAME = "$(TARGET_NAME)";
				SWIFT_VERSION = 5.0;
			};
			name = Debug;
		};
		BC5BCC4F256CFD8500078236 /* Release */ = {
			isa = XCBuildConfiguration;
			buildSettings = {
				ALWAYS_EMBED_SWIFT_STANDARD_LIBRARIES = YES;
				CODE_SIGN_STYLE = Automatic;
				COMBINE_HIDPI_IMAGES = YES;
				DEVELOPMENT_TEAM = 9DVLTW4HGK;
				INFOPLIST_FILE = "Home Active ManTests/Info.plist";
				LD_RUNPATH_SEARCH_PATHS = (
					"$(inherited)",
					"@executable_path/../Frameworks",
					"@loader_path/../Frameworks",
				);
				PRODUCT_BUNDLE_IDENTIFIER = "com.JosefSantamaria.Home-Active-ManTests";
				PRODUCT_NAME = "$(TARGET_NAME)";
				SWIFT_VERSION = 5.0;
			};
			name = Release;
		};
/* End XCBuildConfiguration section */

/* Begin XCConfigurationList section */
		BC5BCC30256CFD8500078236 /* Build configuration list for PBXProject "Home Active Man" */ = {
			isa = XCConfigurationList;
			buildConfigurations = (
				BC5BCC48256CFD8500078236 /* Debug */,
				BC5BCC49256CFD8500078236 /* Release */,
			);
			defaultConfigurationIsVisible = 0;
			defaultConfigurationName = Release;
		};
		BC5BCC4A256CFD8500078236 /* Build configuration list for PBXNativeTarget "Home Active Man" */ = {
			isa = XCConfigurationList;
			buildConfigurations = (
				BC5BCC4B256CFD8500078236 /* Debug */,
				BC5BCC4C256CFD8500078236 /* Release */,
			);
			defaultConfigurationIsVisible = 0;
			defaultConfigurationName = Release;
		};
		BC5BCC4D256CFD8500078236 /* Build configuration list for PBXNativeTarget "Home Active ManTests" */ = {
			isa = XCConfigurationList;
			buildConfigurations = (
				BC5BCC4E256CFD8500078236 /* Debug */,
				BC5BCC4F256CFD8500078236 /* Release */,
			);
			defaultConfigurationIsVisible = 0;
			defaultConfigurationName = Release;
		};
/* End XCConfigurationList section */
	};
	rootObject = BC5BCC2D256CFD8500078236 /* Project object */;
}
